
Microsoft Visual Studio Solution File, Format Version 12.00
# Visual Studio Version 17
VisualStudioVersion = 17.5.33103.201
MinimumVisualStudioVersion = 10.0.40219.1
Project("{FAE04EC0-301F-11D3-BF4B-00C04F79EFBC}") = "ConsoleApp1", "ConsoleApp1\ConsoleApp1.csproj", "{621C0924-157C-4EEB-8E6A-C3BBE6BC85D4}"
EndProject
Global
	GlobalSection(SolutionConfigurationPlatforms) = preSolution
		Debug|Any CPU = Debug|Any CPU
		Release|Any CPU = Release|Any CPU
	EndGlobalSection
	GlobalSection(ProjectConfigurationPlatforms) = postSolution
		{621C0924-157C-4EEB-8E6A-C3BBE6BC85D4}.Debug|Any CPU.ActiveCfg = Debug|Any CPU
		{621C0924-157C-4EEB-8E6A-C3BBE6BC85D4}.Debug|Any CPU.Build.0 = Debug|Any CPU
		{621C0924-157C-4EEB-8E6A-C3BBE6BC85D4}.Release|Any CPU.ActiveCfg = Release|Any CPU
		{621C0924-157C-4EEB-8E6A-C3BBE6BC85D4}.Release|Any CPU.Build.0 = Release|Any CPU
	EndGlobalSection
	GlobalSection(SolutionProperties) = preSolution
		HideSolutionNode = FALSE
	EndGlobalSection
	GlobalSection(ExtensibilityGlobals) = postSolution
		SolutionGuid = {A4F84A42-0594-42D4-8A9C-FEA04C158ECD}
	EndGlobalSection
EndGlobal
